
Microsoft Visual Studio Solution File, Format Version 12.00
# Visual Studio Version 17
VisualStudioVersion = 17.4.33205.214
MinimumVisualStudioVersion = 10.0.40219.1
Project("{FAE04EC0-301F-11D3-BF4B-00C04F79EFBC}") = "Session-10", "Session-10\Session-10.csproj", "{1F83591E-4A68-40E2-A743-047D2CA42A60}"
EndProject
Project("{FAE04EC0-301F-11D3-BF4B-00C04F79EFBC}") = "Uni", "Uni\Uni.csproj", "{06357C3E-5DEA-4282-90CA-C3A3098D4803}"
EndProject
Global
	GlobalSection(SolutionConfigurationPlatforms) = preSolution
		Debug|Any CPU = Debug|Any CPU
		Release|Any CPU = Release|Any CPU
	EndGlobalSection
	GlobalSection(ProjectConfigurationPlatforms) = postSolution
		{1F83591E-4A68-40E2-A743-047D2CA42A60}.Debug|Any CPU.ActiveCfg = Debug|Any CPU
		{1F83591E-4A68-40E2-A743-047D2CA42A60}.Debug|Any CPU.Build.0 = Debug|Any CPU
		{1F83591E-4A68-40E2-A743-047D2CA42A60}.Release|Any CPU.ActiveCfg = Release|Any CPU
		{1F83591E-4A68-40E2-A743-047D2CA42A60}.Release|Any CPU.Build.0 = Release|Any CPU
		{06357C3E-5DEA-4282-90CA-C3A3098D4803}.Debug|Any CPU.ActiveCfg = Debug|Any CPU
		{06357C3E-5DEA-4282-90CA-C3A3098D4803}.Debug|Any CPU.Build.0 = Debug|Any CPU
		{06357C3E-5DEA-4282-90CA-C3A3098D4803}.Release|Any CPU.ActiveCfg = Release|Any CPU
		{06357C3E-5DEA-4282-90CA-C3A3098D4803}.Release|Any CPU.Build.0 = Release|Any CPU
	EndGlobalSection
	GlobalSection(SolutionProperties) = preSolution
		HideSolutionNode = FALSE
	EndGlobalSection
	GlobalSection(ExtensibilityGlobals) = postSolution
		SolutionGuid = {EEBE1F2C-AB4D-46B8-9FE8-BCA96A8F9CAF}
	EndGlobalSection
EndGlobal
