
Microsoft Visual Studio Solution File, Format Version 12.00
# Visual Studio Version 17
VisualStudioVersion = 17.4.33205.214
MinimumVisualStudioVersion = 10.0.40219.1
Project("{FAE04EC0-301F-11D3-BF4B-00C04F79EFBC}") = "Session-05", "Session-05\Session-05.csproj", "{7059B5C3-FEEB-4474-9618-BE4DDAE3E128}"
EndProject
Global
	GlobalSection(SolutionConfigurationPlatforms) = preSolution
		Debug|Any CPU = Debug|Any CPU
		Release|Any CPU = Release|Any CPU
	EndGlobalSection
	GlobalSection(ProjectConfigurationPlatforms) = postSolution
		{7059B5C3-FEEB-4474-9618-BE4DDAE3E128}.Debug|Any CPU.ActiveCfg = Debug|Any CPU
		{7059B5C3-FEEB-4474-9618-BE4DDAE3E128}.Debug|Any CPU.Build.0 = Debug|Any CPU
		{7059B5C3-FEEB-4474-9618-BE4DDAE3E128}.Release|Any CPU.ActiveCfg = Release|Any CPU
		{7059B5C3-FEEB-4474-9618-BE4DDAE3E128}.Release|Any CPU.Build.0 = Release|Any CPU
	EndGlobalSection
	GlobalSection(SolutionProperties) = preSolution
		HideSolutionNode = FALSE
	EndGlobalSection
	GlobalSection(ExtensibilityGlobals) = postSolution
		SolutionGuid = {ABB86381-52B9-4ADD-90C4-C8BAFA789F93}
	EndGlobalSection
EndGlobal
