
Microsoft Visual Studio Solution File, Format Version 12.00
# Visual Studio Version 17
VisualStudioVersion = 17.4.33205.214
MinimumVisualStudioVersion = 10.0.40219.1
Project("{9A19103F-16F7-4668-BE54-9A1E7A4F7556}") = "CoffeeShop.Model", "CoffeeShop.Model\CoffeeShop.Model.csproj", "{29CA2032-DC1C-4D2C-8137-B45AEBC3F53C}"
EndProject
Project("{9A19103F-16F7-4668-BE54-9A1E7A4F7556}") = "CoffeeShop.EF", "CoffeeShop.EF\CoffeeShop.EF.csproj", "{0F17081A-5486-47C5-9B84-9656CA36853A}"
EndProject
Project("{FAE04EC0-301F-11D3-BF4B-00C04F79EFBC}") = "CoffeeShop.MVC", "CoffeeShop.MVC\CoffeeShop.MVC.csproj", "{7AB333F7-6661-4512-B670-4485E08DC416}"
EndProject
Global
	GlobalSection(SolutionConfigurationPlatforms) = preSolution
		Debug|Any CPU = Debug|Any CPU
		Release|Any CPU = Release|Any CPU
	EndGlobalSection
	GlobalSection(ProjectConfigurationPlatforms) = postSolution
		{29CA2032-DC1C-4D2C-8137-B45AEBC3F53C}.Debug|Any CPU.ActiveCfg = Debug|Any CPU
		{29CA2032-DC1C-4D2C-8137-B45AEBC3F53C}.Debug|Any CPU.Build.0 = Debug|Any CPU
		{29CA2032-DC1C-4D2C-8137-B45AEBC3F53C}.Release|Any CPU.ActiveCfg = Release|Any CPU
		{29CA2032-DC1C-4D2C-8137-B45AEBC3F53C}.Release|Any CPU.Build.0 = Release|Any CPU
		{0F17081A-5486-47C5-9B84-9656CA36853A}.Debug|Any CPU.ActiveCfg = Debug|Any CPU
		{0F17081A-5486-47C5-9B84-9656CA36853A}.Debug|Any CPU.Build.0 = Debug|Any CPU
		{0F17081A-5486-47C5-9B84-9656CA36853A}.Release|Any CPU.ActiveCfg = Release|Any CPU
		{0F17081A-5486-47C5-9B84-9656CA36853A}.Release|Any CPU.Build.0 = Release|Any CPU
		{7AB333F7-6661-4512-B670-4485E08DC416}.Debug|Any CPU.ActiveCfg = Debug|Any CPU
		{7AB333F7-6661-4512-B670-4485E08DC416}.Debug|Any CPU.Build.0 = Debug|Any CPU
		{7AB333F7-6661-4512-B670-4485E08DC416}.Release|Any CPU.ActiveCfg = Release|Any CPU
		{7AB333F7-6661-4512-B670-4485E08DC416}.Release|Any CPU.Build.0 = Release|Any CPU
	EndGlobalSection
	GlobalSection(SolutionProperties) = preSolution
		HideSolutionNode = FALSE
	EndGlobalSection
	GlobalSection(ExtensibilityGlobals) = postSolution
		SolutionGuid = {6BED8AE2-35DB-4131-BFF8-3CABF1CFE78D}
	EndGlobalSection
EndGlobal
