
Microsoft Visual Studio Solution File, Format Version 12.00
# Visual Studio Version 17
VisualStudioVersion = 17.4.33205.214
MinimumVisualStudioVersion = 10.0.40219.1
Project("{9A19103F-16F7-4668-BE54-9A1E7A4F7556}") = "Session-27.Server", "Session-27\Server\Session-27.Server.csproj", "{019A0DD5-BA9E-4956-A3AF-A1029BF1B3F7}"
EndProject
Project("{9A19103F-16F7-4668-BE54-9A1E7A4F7556}") = "Session-27.Client", "Session-27\Client\Session-27.Client.csproj", "{DF7FA57B-51C3-4591-8D46-AE2BBD119CEE}"
EndProject
Project("{9A19103F-16F7-4668-BE54-9A1E7A4F7556}") = "Session-27.Shared", "Session-27\Shared\Session-27.Shared.csproj", "{4EBC95DF-0730-4C5A-B6BF-3AF601F57AFB}"
EndProject
Project("{9A19103F-16F7-4668-BE54-9A1E7A4F7556}") = "Session-27.EF", "Session-27.EF\Session-27.EF.csproj", "{8167C1F1-6EF0-4A92-B514-DEFB19BF74B3}"
EndProject
Project("{9A19103F-16F7-4668-BE54-9A1E7A4F7556}") = "Session-27.Model", "Session-27.Model\Session-27.Model.csproj", "{94295BC5-8695-4D75-AB78-DC35951CFB29}"
EndProject
Global
	GlobalSection(SolutionConfigurationPlatforms) = preSolution
		Debug|Any CPU = Debug|Any CPU
		Release|Any CPU = Release|Any CPU
	EndGlobalSection
	GlobalSection(ProjectConfigurationPlatforms) = postSolution
		{019A0DD5-BA9E-4956-A3AF-A1029BF1B3F7}.Debug|Any CPU.ActiveCfg = Debug|Any CPU
		{019A0DD5-BA9E-4956-A3AF-A1029BF1B3F7}.Debug|Any CPU.Build.0 = Debug|Any CPU
		{019A0DD5-BA9E-4956-A3AF-A1029BF1B3F7}.Release|Any CPU.ActiveCfg = Release|Any CPU
		{019A0DD5-BA9E-4956-A3AF-A1029BF1B3F7}.Release|Any CPU.Build.0 = Release|Any CPU
		{DF7FA57B-51C3-4591-8D46-AE2BBD119CEE}.Debug|Any CPU.ActiveCfg = Debug|Any CPU
		{DF7FA57B-51C3-4591-8D46-AE2BBD119CEE}.Debug|Any CPU.Build.0 = Debug|Any CPU
		{DF7FA57B-51C3-4591-8D46-AE2BBD119CEE}.Release|Any CPU.ActiveCfg = Release|Any CPU
		{DF7FA57B-51C3-4591-8D46-AE2BBD119CEE}.Release|Any CPU.Build.0 = Release|Any CPU
		{4EBC95DF-0730-4C5A-B6BF-3AF601F57AFB}.Debug|Any CPU.ActiveCfg = Debug|Any CPU
		{4EBC95DF-0730-4C5A-B6BF-3AF601F57AFB}.Debug|Any CPU.Build.0 = Debug|Any CPU
		{4EBC95DF-0730-4C5A-B6BF-3AF601F57AFB}.Release|Any CPU.ActiveCfg = Release|Any CPU
		{4EBC95DF-0730-4C5A-B6BF-3AF601F57AFB}.Release|Any CPU.Build.0 = Release|Any CPU
		{8167C1F1-6EF0-4A92-B514-DEFB19BF74B3}.Debug|Any CPU.ActiveCfg = Debug|Any CPU
		{8167C1F1-6EF0-4A92-B514-DEFB19BF74B3}.Debug|Any CPU.Build.0 = Debug|Any CPU
		{8167C1F1-6EF0-4A92-B514-DEFB19BF74B3}.Release|Any CPU.ActiveCfg = Release|Any CPU
		{8167C1F1-6EF0-4A92-B514-DEFB19BF74B3}.Release|Any CPU.Build.0 = Release|Any CPU
		{94295BC5-8695-4D75-AB78-DC35951CFB29}.Debug|Any CPU.ActiveCfg = Debug|Any CPU
		{94295BC5-8695-4D75-AB78-DC35951CFB29}.Debug|Any CPU.Build.0 = Debug|Any CPU
		{94295BC5-8695-4D75-AB78-DC35951CFB29}.Release|Any CPU.ActiveCfg = Release|Any CPU
		{94295BC5-8695-4D75-AB78-DC35951CFB29}.Release|Any CPU.Build.0 = Release|Any CPU
	EndGlobalSection
	GlobalSection(SolutionProperties) = preSolution
		HideSolutionNode = FALSE
	EndGlobalSection
	GlobalSection(ExtensibilityGlobals) = postSolution
		SolutionGuid = {DA5F0D85-84FF-4615-8A3F-B7D764CE5797}
	EndGlobalSection
EndGlobal
