
Microsoft Visual Studio Solution File, Format Version 12.00
# Visual Studio Version 17
VisualStudioVersion = 17.4.33205.214
MinimumVisualStudioVersion = 10.0.40219.1
Project("{FAE04EC0-301F-11D3-BF4B-00C04F79EFBC}") = "FuelShop.Blazor.Server", "FuelShop.Blazor\Server\FuelShop.Blazor.Server.csproj", "{C1F4CCCB-1153-43A7-A4FA-3A3C6545D7A0}"
EndProject
Project("{FAE04EC0-301F-11D3-BF4B-00C04F79EFBC}") = "FuelShop.Blazor.Client", "FuelShop.Blazor\Client\FuelShop.Blazor.Client.csproj", "{414156A8-BED9-4209-8BEA-4DB0B07EA5C5}"
EndProject
Project("{FAE04EC0-301F-11D3-BF4B-00C04F79EFBC}") = "FuelShop.Blazor.Shared", "FuelShop.Blazor\Shared\FuelShop.Blazor.Shared.csproj", "{125A0925-9F3E-4A95-A772-3C2962D5D76D}"
EndProject
Global
	GlobalSection(SolutionConfigurationPlatforms) = preSolution
		Debug|Any CPU = Debug|Any CPU
		Release|Any CPU = Release|Any CPU
	EndGlobalSection
	GlobalSection(ProjectConfigurationPlatforms) = postSolution
		{C1F4CCCB-1153-43A7-A4FA-3A3C6545D7A0}.Debug|Any CPU.ActiveCfg = Debug|Any CPU
		{C1F4CCCB-1153-43A7-A4FA-3A3C6545D7A0}.Debug|Any CPU.Build.0 = Debug|Any CPU
		{C1F4CCCB-1153-43A7-A4FA-3A3C6545D7A0}.Release|Any CPU.ActiveCfg = Release|Any CPU
		{C1F4CCCB-1153-43A7-A4FA-3A3C6545D7A0}.Release|Any CPU.Build.0 = Release|Any CPU
		{414156A8-BED9-4209-8BEA-4DB0B07EA5C5}.Debug|Any CPU.ActiveCfg = Debug|Any CPU
		{414156A8-BED9-4209-8BEA-4DB0B07EA5C5}.Debug|Any CPU.Build.0 = Debug|Any CPU
		{414156A8-BED9-4209-8BEA-4DB0B07EA5C5}.Release|Any CPU.ActiveCfg = Release|Any CPU
		{414156A8-BED9-4209-8BEA-4DB0B07EA5C5}.Release|Any CPU.Build.0 = Release|Any CPU
		{125A0925-9F3E-4A95-A772-3C2962D5D76D}.Debug|Any CPU.ActiveCfg = Debug|Any CPU
		{125A0925-9F3E-4A95-A772-3C2962D5D76D}.Debug|Any CPU.Build.0 = Debug|Any CPU
		{125A0925-9F3E-4A95-A772-3C2962D5D76D}.Release|Any CPU.ActiveCfg = Release|Any CPU
		{125A0925-9F3E-4A95-A772-3C2962D5D76D}.Release|Any CPU.Build.0 = Release|Any CPU
	EndGlobalSection
	GlobalSection(SolutionProperties) = preSolution
		HideSolutionNode = FALSE
	EndGlobalSection
	GlobalSection(ExtensibilityGlobals) = postSolution
		SolutionGuid = {FE7CD029-9AD6-4C26-AEB9-AAB76859DEAD}
	EndGlobalSection
EndGlobal
