
Microsoft Visual Studio Solution File, Format Version 12.00
# Visual Studio Version 17
VisualStudioVersion = 17.4.33205.214
MinimumVisualStudioVersion = 10.0.40219.1
Project("{FAE04EC0-301F-11D3-BF4B-00C04F79EFBC}") = "FuelStation.Blazor.Server", "FuelStation.Blazor\Server\FuelStation.Blazor.Server.csproj", "{962AB911-1756-4572-BCB2-19EACD82B7A1}"
EndProject
Project("{FAE04EC0-301F-11D3-BF4B-00C04F79EFBC}") = "FuelStation.Blazor.Client", "FuelStation.Blazor\Client\FuelStation.Blazor.Client.csproj", "{1AB21255-6C3E-4E60-B8FE-7F70EC0D2D35}"
EndProject
Project("{FAE04EC0-301F-11D3-BF4B-00C04F79EFBC}") = "FuelStation.Blazor.Shared", "FuelStation.Blazor\Shared\FuelStation.Blazor.Shared.csproj", "{2AA21D55-8883-42C5-AC50-E8208384AF79}"
EndProject
Project("{FAE04EC0-301F-11D3-BF4B-00C04F79EFBC}") = "FuelStation.Model", "FuelStation.Model\FuelStation.Model.csproj", "{ED0B958B-48A8-41CB-B6B7-52DD40F23D21}"
EndProject
Project("{FAE04EC0-301F-11D3-BF4B-00C04F79EFBC}") = "FuelStation.EF", "FuelStation.EF\FuelStation.EF.csproj", "{499FB8C1-E755-45D6-B051-ADF824F22682}"
EndProject
Global
	GlobalSection(SolutionConfigurationPlatforms) = preSolution
		Debug|Any CPU = Debug|Any CPU
		Release|Any CPU = Release|Any CPU
	EndGlobalSection
	GlobalSection(ProjectConfigurationPlatforms) = postSolution
		{962AB911-1756-4572-BCB2-19EACD82B7A1}.Debug|Any CPU.ActiveCfg = Debug|Any CPU
		{962AB911-1756-4572-BCB2-19EACD82B7A1}.Debug|Any CPU.Build.0 = Debug|Any CPU
		{962AB911-1756-4572-BCB2-19EACD82B7A1}.Release|Any CPU.ActiveCfg = Release|Any CPU
		{962AB911-1756-4572-BCB2-19EACD82B7A1}.Release|Any CPU.Build.0 = Release|Any CPU
		{1AB21255-6C3E-4E60-B8FE-7F70EC0D2D35}.Debug|Any CPU.ActiveCfg = Debug|Any CPU
		{1AB21255-6C3E-4E60-B8FE-7F70EC0D2D35}.Debug|Any CPU.Build.0 = Debug|Any CPU
		{1AB21255-6C3E-4E60-B8FE-7F70EC0D2D35}.Release|Any CPU.ActiveCfg = Release|Any CPU
		{1AB21255-6C3E-4E60-B8FE-7F70EC0D2D35}.Release|Any CPU.Build.0 = Release|Any CPU
		{2AA21D55-8883-42C5-AC50-E8208384AF79}.Debug|Any CPU.ActiveCfg = Debug|Any CPU
		{2AA21D55-8883-42C5-AC50-E8208384AF79}.Debug|Any CPU.Build.0 = Debug|Any CPU
		{2AA21D55-8883-42C5-AC50-E8208384AF79}.Release|Any CPU.ActiveCfg = Release|Any CPU
		{2AA21D55-8883-42C5-AC50-E8208384AF79}.Release|Any CPU.Build.0 = Release|Any CPU
		{ED0B958B-48A8-41CB-B6B7-52DD40F23D21}.Debug|Any CPU.ActiveCfg = Debug|Any CPU
		{ED0B958B-48A8-41CB-B6B7-52DD40F23D21}.Debug|Any CPU.Build.0 = Debug|Any CPU
		{ED0B958B-48A8-41CB-B6B7-52DD40F23D21}.Release|Any CPU.ActiveCfg = Release|Any CPU
		{ED0B958B-48A8-41CB-B6B7-52DD40F23D21}.Release|Any CPU.Build.0 = Release|Any CPU
		{499FB8C1-E755-45D6-B051-ADF824F22682}.Debug|Any CPU.ActiveCfg = Debug|Any CPU
		{499FB8C1-E755-45D6-B051-ADF824F22682}.Debug|Any CPU.Build.0 = Debug|Any CPU
		{499FB8C1-E755-45D6-B051-ADF824F22682}.Release|Any CPU.ActiveCfg = Release|Any CPU
		{499FB8C1-E755-45D6-B051-ADF824F22682}.Release|Any CPU.Build.0 = Release|Any CPU
	EndGlobalSection
	GlobalSection(SolutionProperties) = preSolution
		HideSolutionNode = FALSE
	EndGlobalSection
	GlobalSection(ExtensibilityGlobals) = postSolution
		SolutionGuid = {DBEC4D3C-A246-47C9-A98B-7846AFDB59CF}
	EndGlobalSection
EndGlobal
