
Microsoft Visual Studio Solution File, Format Version 12.00
# Visual Studio Version 17
VisualStudioVersion = 17.4.33205.214
MinimumVisualStudioVersion = 10.0.40219.1
Project("{FAE04EC0-301F-11D3-BF4B-00C04F79EFBC}") = "Session-19", "Session-19\Session-19.csproj", "{95D01199-5941-45C2-A06D-2ABF634E9C4A}"
EndProject
Global
	GlobalSection(SolutionConfigurationPlatforms) = preSolution
		Debug|Any CPU = Debug|Any CPU
		Release|Any CPU = Release|Any CPU
	EndGlobalSection
	GlobalSection(ProjectConfigurationPlatforms) = postSolution
		{95D01199-5941-45C2-A06D-2ABF634E9C4A}.Debug|Any CPU.ActiveCfg = Debug|Any CPU
		{95D01199-5941-45C2-A06D-2ABF634E9C4A}.Debug|Any CPU.Build.0 = Debug|Any CPU
		{95D01199-5941-45C2-A06D-2ABF634E9C4A}.Release|Any CPU.ActiveCfg = Release|Any CPU
		{95D01199-5941-45C2-A06D-2ABF634E9C4A}.Release|Any CPU.Build.0 = Release|Any CPU
	EndGlobalSection
	GlobalSection(SolutionProperties) = preSolution
		HideSolutionNode = FALSE
	EndGlobalSection
	GlobalSection(ExtensibilityGlobals) = postSolution
		SolutionGuid = {894CC719-A5FD-4304-AC3B-6CC5D980DD17}
	EndGlobalSection
EndGlobal
