
Microsoft Visual Studio Solution File, Format Version 12.00
# Visual Studio Version 17
VisualStudioVersion = 17.4.33205.214
MinimumVisualStudioVersion = 10.0.40219.1
Project("{FAE04EC0-301F-11D3-BF4B-00C04F79EFBC}") = "Session-09", "Session-09\Session-09.csproj", "{0E83371A-41D7-41F9-B728-F2E725DA2F41}"
EndProject
Project("{FAE04EC0-301F-11D3-BF4B-00C04F79EFBC}") = "Calculation", "Calculation\Calculation.csproj", "{3B70EE51-2DFB-4DF5-8D9C-B23266CE2300}"
EndProject
Global
	GlobalSection(SolutionConfigurationPlatforms) = preSolution
		Debug|Any CPU = Debug|Any CPU
		Release|Any CPU = Release|Any CPU
	EndGlobalSection
	GlobalSection(ProjectConfigurationPlatforms) = postSolution
		{0E83371A-41D7-41F9-B728-F2E725DA2F41}.Debug|Any CPU.ActiveCfg = Debug|Any CPU
		{0E83371A-41D7-41F9-B728-F2E725DA2F41}.Debug|Any CPU.Build.0 = Debug|Any CPU
		{0E83371A-41D7-41F9-B728-F2E725DA2F41}.Release|Any CPU.ActiveCfg = Release|Any CPU
		{0E83371A-41D7-41F9-B728-F2E725DA2F41}.Release|Any CPU.Build.0 = Release|Any CPU
		{3B70EE51-2DFB-4DF5-8D9C-B23266CE2300}.Debug|Any CPU.ActiveCfg = Debug|Any CPU
		{3B70EE51-2DFB-4DF5-8D9C-B23266CE2300}.Debug|Any CPU.Build.0 = Debug|Any CPU
		{3B70EE51-2DFB-4DF5-8D9C-B23266CE2300}.Release|Any CPU.ActiveCfg = Release|Any CPU
		{3B70EE51-2DFB-4DF5-8D9C-B23266CE2300}.Release|Any CPU.Build.0 = Release|Any CPU
	EndGlobalSection
	GlobalSection(SolutionProperties) = preSolution
		HideSolutionNode = FALSE
	EndGlobalSection
	GlobalSection(ExtensibilityGlobals) = postSolution
		SolutionGuid = {457BC44B-8E6C-4017-94EB-47D1F6690AD8}
	EndGlobalSection
EndGlobal
